{"format_version":"1.0","provider_schemas":{"registry.terraform.io/littlejo/cilium":{"provider":{"version":0,"block":{"attributes":{"config_content":{"type":"string","description":"The content of kube config file (Default: ``).","description_kind":"markdown","optional":true},"config_path":{"type":"string","description":"A path to a kube config file (Default: `~/.kube/config`).","description_kind":"markdown","optional":true},"context":{"type":"string","description":"Context of kubeconfig file (Default: `default context`).","description_kind":"markdown","optional":true},"helm_release":{"type":"string","description":"Helm Release to install cilium (Default: `cilium`).","description_kind":"markdown","optional":true},"namespace":{"type":"string","description":"Namespace to install cilium (Default: `kube-system`).","description_kind":"markdown","optional":true}},"description_kind":"plain"}},"resource_schemas":{"cilium":{"version":0,"block":{"attributes":{"ca":{"type":["object",{"crt":"string","key":"string"}],"description_kind":"plain","computed":true,"sensitive":true},"data_path":{"type":"string","description":"Datapath mode to use { tunnel | native | aws-eni | gke | azure | aks-byocni } (Default: `autodetected`).","description_kind":"markdown","optional":true,"computed":true},"helm_values":{"type":"string","description":"Helm values (`helm get values -n kube-system cilium`)","description_kind":"markdown","computed":true},"id":{"type":"string","description":"Cilium install identifier","description_kind":"markdown","computed":true},"repository":{"type":"string","description":"Helm chart repository to download Cilium charts from (Default: `https://helm.cilium.io`).","description_kind":"markdown","optional":true,"computed":true},"reset":{"type":"bool","description":"When upgrading, reset the helm values to the ones built into the chart (Default: `false`).","description_kind":"markdown","optional":true,"computed":true},"reuse":{"type":"bool","description":"When upgrading, reuse the helm values from the latest release unless any overrides from are set from other flags. This option takes precedence over HelmResetValues (Default: `true`).","description_kind":"markdown","optional":true,"computed":true},"set":{"type":["list","string"],"description":"Set helm values on the command line (can specify multiple or separate values with commas: key1=val1,key2=val2 (Default: `[]`).","description_kind":"markdown","optional":true,"computed":true},"values":{"type":"string","description":"values in raw yaml to pass to helm. (Default: `empty`).","description_kind":"markdown","optional":true,"computed":true},"version":{"type":"string","description":"Version of Cilium (Default: `v1.15.4`).","description_kind":"markdown","optional":true,"computed":true},"wait":{"type":"bool","description":"Wait for Cilium status is ok (Default: `true`).","description_kind":"markdown","optional":true,"computed":true}},"description":"Install resource for Cilium. This is equivalent to cilium cli: `cilium install`, `cilium upgrade` and `cilium uninstall`: It manages cilium helm chart","description_kind":"markdown"}},"cilium_clustermesh":{"version":0,"block":{"attributes":{"enable_external_workloads":{"type":"bool","description":"Enable support for external workloads, such as VMs (Default: `false`).","description_kind":"markdown","optional":true,"computed":true},"enable_kv_store_mesh":{"type":"bool","description":"Enable kvstoremesh, an extension which caches remote cluster information in the local kvstore (Cilium \u003e=1.14 only) (Default: `false`).","description_kind":"markdown","optional":true,"computed":true},"id":{"type":"string","description":"Cilium ClusterMesh identifier","description_kind":"markdown","computed":true},"service_type":{"type":"string","description":"Type of Kubernetes service to expose control plane { LoadBalancer | NodePort | ClusterIP } (Default: `autodetected`).","description_kind":"markdown","optional":true,"computed":true},"wait":{"type":"bool","description":"Wait Cluster Mesh status is ok (Default: `true`).","description_kind":"markdown","optional":true,"computed":true}},"description":"Cluster Mesh resource. This is equivalent to cilium cli: `cilium clustermesh enable` and `cilium clustermesh disable`: It manages the activation of Cluster Mesh on one Kubernetes cluster.","description_kind":"markdown"}},"cilium_clustermesh_connection":{"version":0,"block":{"attributes":{"destination_context":{"type":"string","description":"Kubernetes configuration context of destination cluster","description_kind":"markdown","optional":true,"computed":true},"id":{"type":"string","description":"Cilium ClusterMesh Connection identifier","description_kind":"markdown","computed":true}},"description":"Cluster Mesh connection resource. This is equivalent to cilium cli: `cilium clustermesh connect` and `cilium clustermesh disconnect`: It manages the connections between two Kubernetes clusters.","description_kind":"markdown"}},"cilium_config":{"version":0,"block":{"attributes":{"id":{"type":"string","description":"Cilium config identifier","description_kind":"markdown","computed":true},"key":{"type":"string","description":"Key of the config","description_kind":"markdown","required":true},"restart":{"type":"bool","description":"Restart Cilium pods (Default: `true`).","description_kind":"markdown","optional":true,"computed":true},"value":{"type":"string","description":"Value of the key","description_kind":"markdown","required":true}},"description":"Config resource for Cilium. This is equivalent to cilium cli: `cilium config`: It manages the cilium Kubernetes ConfigMap resource","description_kind":"markdown"}},"cilium_deploy":{"version":0,"block":{"attributes":{"data_path":{"type":"string","description":"Datapath mode to use { tunnel | native | aws-eni | gke | azure | aks-byocni } (Default: `autodetected`).","description_kind":"markdown","optional":true,"computed":true},"helm_values":{"type":"string","description":"Helm values (`helm get values -n kube-system cilium`)","description_kind":"markdown","computed":true},"id":{"type":"string","description":"Cilium install identifier","description_kind":"markdown","computed":true},"repository":{"type":"string","description":"Helm chart repository to download Cilium charts from (Default: `https://helm.cilium.io`).","description_kind":"markdown","optional":true,"computed":true},"reset":{"type":"bool","description":"When upgrading, reset the helm values to the ones built into the chart (Default: `false`).","description_kind":"markdown","optional":true,"computed":true},"reuse":{"type":"bool","description":"When upgrading, reuse the helm values from the latest release unless any overrides from are set from other flags. This option takes precedence over HelmResetValues (Default: `true`).","description_kind":"markdown","optional":true,"computed":true},"set":{"type":["list","string"],"description":"Set helm values on the command line (can specify multiple or separate values with commas: key1=val1,key2=val2 (Default: `[]`).","description_kind":"markdown","optional":true,"computed":true},"values":{"type":"string","description":"values in raw yaml to pass to helm. (Default: `empty`).","description_kind":"markdown","optional":true,"computed":true},"version":{"type":"string","description":"Version of Cilium (Default: `v1.15.4`).","description_kind":"markdown","optional":true,"computed":true},"wait":{"type":"bool","description":"Wait for Cilium status is ok (Default: `true`).","description_kind":"markdown","optional":true,"computed":true}},"description":"Install resource for Cilium. This is equivalent to cilium cli: `cilium install`, `cilium upgrade` and `cilium uninstall`: It manages cilium helm chart","description_kind":"markdown"}},"cilium_hubble":{"version":0,"block":{"attributes":{"id":{"type":"string","description":"Cilium hubble identifier","description_kind":"markdown","computed":true},"relay":{"type":"bool","description":"Deploy Hubble Relay (Default: `true`).","description_kind":"markdown","optional":true,"computed":true},"ui":{"type":"bool","description":"Enable Hubble UI (Default: `false`).","description_kind":"markdown","optional":true,"computed":true}},"description":"Hubble resource for Cilium. This is equivalent to cilium cli: `cilium hubble`: It manages cilium hubble","description_kind":"markdown"}},"cilium_kubeproxy_free":{"version":0,"block":{"attributes":{"id":{"type":"string","description":"kube-proxy free identifier.","description_kind":"markdown","computed":true},"name":{"type":"string","description":"Name of DaemonSet (Default: `kube-proxy`).","description_kind":"markdown","optional":true,"computed":true},"namespace":{"type":"string","description":"Namespace of DaemonSet (Default: `kube-system`).","description_kind":"markdown","optional":true,"computed":true}},"description":"Disable Kube-Proxy DaemonSet, equivalent to: `kubectl -n kube-system patch daemonset kube-proxy -p '\"spec\": {\"template\": {\"spec\": {\"nodeSelector\": {\"non-existing\": \"true\"}}}}'`.","description_kind":"markdown"}}},"data_source_schemas":{"cilium_helm_values":{"version":0,"block":{"attributes":{"yaml":{"type":"string","description":"Yaml output","description_kind":"markdown","computed":true}},"description":"Helm values of cilium","description_kind":"markdown"}}}}}}
